// !$*UTF8*$!
{
	archiveVersion = 1;
	classes = {
	};
	objectVersion = 50;
	objects = {

/* Begin PBXBuildFile section */
		8365DA1D210F0D7400D6B4D0 /* AppDelegate.swift in Sources */ = {isa = PBXBuildFile; fileRef = 8365DA1C210F0D7400D6B4D0 /* AppDelegate.swift */; };
		8365DA22210F0D7400D6B4D0 /* Main.storyboard in Resources */ = {isa = PBXBuildFile; fileRef = 8365DA20210F0D7400D6B4D0 /* Main.storyboard */; };
		8365DA24210F0D7500D6B4D0 /* Assets.xcassets in Resources */ = {isa = PBXBuildFile; fileRef = 8365DA23210F0D7500D6B4D0 /* Assets.xcassets */; };
		8365DA27210F0D7500D6B4D0 /* LaunchScreen.storyboard in Resources */ = {isa = PBXBuildFile; fileRef = 8365DA25210F0D7500D6B4D0 /* LaunchScreen.storyboard */; };
		8365DA32210F122E00D6B4D0 /* SWRevealViewController.m in Sources */ = {isa = PBXBuildFile; fileRef = 8365DA30210F122D00D6B4D0 /* SWRevealViewController.m */; };
		8365DA37210F180400D6B4D0 /* ChatVC.swift in Sources */ = {isa = PBXBuildFile; fileRef = 8365DA36210F180400D6B4D0 /* ChatVC.swift */; };
		8365DA39210F181500D6B4D0 /* ChannelVC.swift in Sources */ = {isa = PBXBuildFile; fileRef = 8365DA38210F181500D6B4D0 /* ChannelVC.swift */; };
		8365DA3B210F1DCB00D6B4D0 /* GradientView.swift in Sources */ = {isa = PBXBuildFile; fileRef = 8365DA3A210F1DCB00D6B4D0 /* GradientView.swift */; };
		8365DA3F210F2C0E00D6B4D0 /* Constants.swift in Sources */ = {isa = PBXBuildFile; fileRef = 8365DA3E210F2C0E00D6B4D0 /* Constants.swift */; };
		8365DA41210F33EE00D6B4D0 /* LoginVC.swift in Sources */ = {isa = PBXBuildFile; fileRef = 8365DA40210F33EE00D6B4D0 /* LoginVC.swift */; };
		8365DA43210F3D2500D6B4D0 /* createAccountVC.swift in Sources */ = {isa = PBXBuildFile; fileRef = 8365DA42210F3D2500D6B4D0 /* createAccountVC.swift */; };
		A1D95FC477F8FCEC2845138E /* Pods_SmackChat.framework in Frameworks */ = {isa = PBXBuildFile; fileRef = 978FB2BD1B570869B2F94338 /* Pods_SmackChat.framework */; };
/* End PBXBuildFile section */

/* Begin PBXFileReference section */
		6BB5132303F13317FEEFA524 /* Pods-SmackChat.debug.xcconfig */ = {isa = PBXFileReference; includeInIndex = 1; lastKnownFileType = text.xcconfig; name = "Pods-SmackChat.debug.xcconfig"; path = "Pods/Target Support Files/Pods-SmackChat/Pods-SmackChat.debug.xcconfig"; sourceTree = "<group>"; };
		8365DA19210F0D7400D6B4D0 /* SmackChat.app */ = {isa = PBXFileReference; explicitFileType = wrapper.application; includeInIndex = 0; path = SmackChat.app; sourceTree = BUILT_PRODUCTS_DIR; };
		8365DA1C210F0D7400D6B4D0 /* AppDelegate.swift */ = {isa = PBXFileReference; lastKnownFileType = sourcecode.swift; path = AppDelegate.swift; sourceTree = "<group>"; };
		8365DA21210F0D7400D6B4D0 /* Base */ = {isa = PBXFileReference; lastKnownFileType = file.storyboard; name = Base; path = Base.lproj/Main.storyboard; sourceTree = "<group>"; };
		8365DA23210F0D7500D6B4D0 /* Assets.xcassets */ = {isa = PBXFileReference; lastKnownFileType = folder.assetcatalog; path = Assets.xcassets; sourceTree = "<group>"; };
		8365DA26210F0D7500D6B4D0 /* Base */ = {isa = PBXFileReference; lastKnownFileType = file.storyboard; name = Base; path = Base.lproj/LaunchScreen.storyboard; sourceTree = "<group>"; };
		8365DA28210F0D7500D6B4D0 /* Info.plist */ = {isa = PBXFileReference; lastKnownFileType = text.plist.xml; path = Info.plist; sourceTree = "<group>"; };
		8365DA2F210F122C00D6B4D0 /* SmackChat-Bridging-Header.h */ = {isa = PBXFileReference; lastKnownFileType = sourcecode.c.h; path = "SmackChat-Bridging-Header.h"; sourceTree = "<group>"; };
		8365DA30210F122D00D6B4D0 /* SWRevealViewController.m */ = {isa = PBXFileReference; fileEncoding = 4; lastKnownFileType = sourcecode.c.objc; name = SWRevealViewController.m; path = "Smack Assets/SWReveal/SWRevealViewController.m"; sourceTree = SOURCE_ROOT; };
		8365DA31210F122D00D6B4D0 /* SWRevealViewController.h */ = {isa = PBXFileReference; fileEncoding = 4; lastKnownFileType = sourcecode.c.h; name = SWRevealViewController.h; path = "Smack Assets/SWReveal/SWRevealViewController.h"; sourceTree = SOURCE_ROOT; };
		8365DA36210F180400D6B4D0 /* ChatVC.swift */ = {isa = PBXFileReference; lastKnownFileType = sourcecode.swift; path = ChatVC.swift; sourceTree = "<group>"; };
		8365DA38210F181500D6B4D0 /* ChannelVC.swift */ = {isa = PBXFileReference; lastKnownFileType = sourcecode.swift; path = ChannelVC.swift; sourceTree = "<group>"; };
		8365DA3A210F1DCB00D6B4D0 /* GradientView.swift */ = {isa = PBXFileReference; lastKnownFileType = sourcecode.swift; path = GradientView.swift; sourceTree = "<group>"; };
		8365DA3E210F2C0E00D6B4D0 /* Constants.swift */ = {isa = PBXFileReference; lastKnownFileType = sourcecode.swift; path = Constants.swift; sourceTree = "<group>"; };
		8365DA40210F33EE00D6B4D0 /* LoginVC.swift */ = {isa = PBXFileReference; lastKnownFileType = sourcecode.swift; path = LoginVC.swift; sourceTree = "<group>"; };
		8365DA42210F3D2500D6B4D0 /* createAccountVC.swift */ = {isa = PBXFileReference; lastKnownFileType = sourcecode.swift; path = createAccountVC.swift; sourceTree = "<group>"; };
		978FB2BD1B570869B2F94338 /* Pods_SmackChat.framework */ = {isa = PBXFileReference; explicitFileType = wrapper.framework; includeInIndex = 0; path = Pods_SmackChat.framework; sourceTree = BUILT_PRODUCTS_DIR; };
		D65A0C0A2065EA225A63ADB2 /* Pods-SmackChat.release.xcconfig */ = {isa = PBXFileReference; includeInIndex = 1; lastKnownFileType = text.xcconfig; name = "Pods-SmackChat.release.xcconfig"; path = "Pods/Target Support Files/Pods-SmackChat/Pods-SmackChat.release.xcconfig"; sourceTree = "<group>"; };
/* End PBXFileReference section */

/* Begin PBXFrameworksBuildPhase section */
		8365DA16210F0D7400D6B4D0 /* Frameworks */ = {
			isa = PBXFrameworksBuildPhase;
			buildActionMask = 2147483647;
			files = (
				A1D95FC477F8FCEC2845138E /* Pods_SmackChat.framework in Frameworks */,
			);
			runOnlyForDeploymentPostprocessing = 0;
		};
/* End PBXFrameworksBuildPhase section */

/* Begin PBXGroup section */
		40F0522D75588A1035BB6615 /* Frameworks */ = {
			isa = PBXGroup;
			children = (
				978FB2BD1B570869B2F94338 /* Pods_SmackChat.framework */,
			);
			name = Frameworks;
			sourceTree = "<group>";
		};
		7897FF4F34EA965CC7E72CCF /* Pods */ = {
			isa = PBXGroup;
			children = (
				6BB5132303F13317FEEFA524 /* Pods-SmackChat.debug.xcconfig */,
				D65A0C0A2065EA225A63ADB2 /* Pods-SmackChat.release.xcconfig */,
			);
			name = Pods;
			sourceTree = "<group>";
		};
		8365DA10210F0D7400D6B4D0 = {
			isa = PBXGroup;
			children = (
				8365DA2E210F11E100D6B4D0 /* Supporting Files */,
				8365DA1B210F0D7400D6B4D0 /* SmackChat */,
				8365DA1A210F0D7400D6B4D0 /* Products */,
				7897FF4F34EA965CC7E72CCF /* Pods */,
				40F0522D75588A1035BB6615 /* Frameworks */,
			);
			sourceTree = "<group>";
		};
		8365DA1A210F0D7400D6B4D0 /* Products */ = {
			isa = PBXGroup;
			children = (
				8365DA19210F0D7400D6B4D0 /* SmackChat.app */,
			);
			name = Products;
			sourceTree = "<group>";
		};
		8365DA1B210F0D7400D6B4D0 /* SmackChat */ = {
			isa = PBXGroup;
			children = (
				8365DA3D210F2BF300D6B4D0 /* Utilities */,
				8365DA35210F17D800D6B4D0 /* Model */,
				8365DA34210F17D300D6B4D0 /* View */,
				8365DA33210F17CC00D6B4D0 /* Controller */,
				8365DA1C210F0D7400D6B4D0 /* AppDelegate.swift */,
				8365DA20210F0D7400D6B4D0 /* Main.storyboard */,
				8365DA23210F0D7500D6B4D0 /* Assets.xcassets */,
				8365DA25210F0D7500D6B4D0 /* LaunchScreen.storyboard */,
				8365DA28210F0D7500D6B4D0 /* Info.plist */,
			);
			path = SmackChat;
			sourceTree = "<group>";
		};
		8365DA2E210F11E100D6B4D0 /* Supporting Files */ = {
			isa = PBXGroup;
			children = (
				8365DA31210F122D00D6B4D0 /* SWRevealViewController.h */,
				8365DA30210F122D00D6B4D0 /* SWRevealViewController.m */,
				8365DA2F210F122C00D6B4D0 /* SmackChat-Bridging-Header.h */,
			);
			path = "Supporting Files";
			sourceTree = "<group>";
		};
		8365DA33210F17CC00D6B4D0 /* Controller */ = {
			isa = PBXGroup;
			children = (
				8365DA36210F180400D6B4D0 /* ChatVC.swift */,
				8365DA38210F181500D6B4D0 /* ChannelVC.swift */,
				8365DA40210F33EE00D6B4D0 /* LoginVC.swift */,
				8365DA42210F3D2500D6B4D0 /* createAccountVC.swift */,
			);
			path = Controller;
			sourceTree = "<group>";
		};
		8365DA34210F17D300D6B4D0 /* View */ = {
			isa = PBXGroup;
			children = (
				8365DA3A210F1DCB00D6B4D0 /* GradientView.swift */,
			);
			path = View;
			sourceTree = "<group>";
		};
		8365DA35210F17D800D6B4D0 /* Model */ = {
			isa = PBXGroup;
			children = (
			);
			path = Model;
			sourceTree = "<group>";
		};
		8365DA3D210F2BF300D6B4D0 /* Utilities */ = {
			isa = PBXGroup;
			children = (
				8365DA3E210F2C0E00D6B4D0 /* Constants.swift */,
			);
			path = Utilities;
			sourceTree = "<group>";
		};
/* End PBXGroup section */

/* Begin PBXNativeTarget section */
		8365DA18210F0D7400D6B4D0 /* SmackChat */ = {
			isa = PBXNativeTarget;
			buildConfigurationList = 8365DA2B210F0D7500D6B4D0 /* Build configuration list for PBXNativeTarget "SmackChat" */;
			buildPhases = (
				4BB0C39B0D9AF49143AD322B /* [CP] Check Pods Manifest.lock */,
				8365DA15210F0D7400D6B4D0 /* Sources */,
				8365DA16210F0D7400D6B4D0 /* Frameworks */,
				8365DA17210F0D7400D6B4D0 /* Resources */,
				AE3EC010363A6A6AE51B38AF /* [CP] Embed Pods Frameworks */,
			);
			buildRules = (
			);
			dependencies = (
			);
			name = SmackChat;
			productName = SmackChat;
			productReference = 8365DA19210F0D7400D6B4D0 /* SmackChat.app */;
			productType = "com.apple.product-type.application";
		};
/* End PBXNativeTarget section */

/* Begin PBXProject section */
		8365DA11210F0D7400D6B4D0 /* Project object */ = {
			isa = PBXProject;
			attributes = {
				LastSwiftUpdateCheck = 0940;
				LastUpgradeCheck = 0940;
				ORGANIZATIONNAME = "tolga iskender";
				TargetAttributes = {
					8365DA18210F0D7400D6B4D0 = {
						CreatedOnToolsVersion = 9.4.1;
						LastSwiftMigration = 0940;
					};
				};
			};
			buildConfigurationList = 8365DA14210F0D7400D6B4D0 /* Build configuration list for PBXProject "SmackChat" */;
			compatibilityVersion = "Xcode 9.3";
			developmentRegion = en;
			hasScannedForEncodings = 0;
			knownRegions = (
				en,
				Base,
			);
			mainGroup = 8365DA10210F0D7400D6B4D0;
			productRefGroup = 8365DA1A210F0D7400D6B4D0 /* Products */;
			projectDirPath = "";
			projectRoot = "";
			targets = (
				8365DA18210F0D7400D6B4D0 /* SmackChat */,
			);
		};
/* End PBXProject section */

/* Begin PBXResourcesBuildPhase section */
		8365DA17210F0D7400D6B4D0 /* Resources */ = {
			isa = PBXResourcesBuildPhase;
			buildActionMask = 2147483647;
			files = (
				8365DA27210F0D7500D6B4D0 /* LaunchScreen.storyboard in Resources */,
				8365DA24210F0D7500D6B4D0 /* Assets.xcassets in Resources */,
				8365DA22210F0D7400D6B4D0 /* Main.storyboard in Resources */,
			);
			runOnlyForDeploymentPostprocessing = 0;
		};
/* End PBXResourcesBuildPhase section */

/* Begin PBXShellScriptBuildPhase section */
		4BB0C39B0D9AF49143AD322B /* [CP] Check Pods Manifest.lock */ = {
			isa = PBXShellScriptBuildPhase;
			buildActionMask = 2147483647;
			files = (
			);
			inputPaths = (
				"${PODS_PODFILE_DIR_PATH}/Podfile.lock",
				"${PODS_ROOT}/Manifest.lock",
			);
			name = "[CP] Check Pods Manifest.lock";
			outputPaths = (
				"$(DERIVED_FILE_DIR)/Pods-SmackChat-checkManifestLockResult.txt",
			);
			runOnlyForDeploymentPostprocessing = 0;
			shellPath = /bin/sh;
			shellScript = "diff \"${PODS_PODFILE_DIR_PATH}/Podfile.lock\" \"${PODS_ROOT}/Manifest.lock\" > /dev/null\nif [ $? != 0 ] ; then\n    # print error to STDERR\n    echo \"error: The sandbox is not in sync with the Podfile.lock. Run 'pod install' or update your CocoaPods installation.\" >&2\n    exit 1\nfi\n# This output is used by Xcode 'outputs' to avoid re-running this script phase.\necho \"SUCCESS\" > \"${SCRIPT_OUTPUT_FILE_0}\"\n";
			showEnvVarsInLog = 0;
		};
		AE3EC010363A6A6AE51B38AF /* [CP] Embed Pods Frameworks */ = {
			isa = PBXShellScriptBuildPhase;
			buildActionMask = 2147483647;
			files = (
			);
			inputPaths = (
				"${SRCROOT}/Pods/Target Support Files/Pods-SmackChat/Pods-SmackChat-frameworks.sh",
				"${BUILT_PRODUCTS_DIR}/Alamofire/Alamofire.framework",
				"${BUILT_PRODUCTS_DIR}/Socket.IO-Client-Swift/SocketIO.framework",
				"${BUILT_PRODUCTS_DIR}/Starscream/Starscream.framework",
				"${BUILT_PRODUCTS_DIR}/SwiftyJSON/SwiftyJSON.framework",
			);
			name = "[CP] Embed Pods Frameworks";
			outputPaths = (
				"${TARGET_BUILD_DIR}/${FRAMEWORKS_FOLDER_PATH}/Alamofire.framework",
				"${TARGET_BUILD_DIR}/${FRAMEWORKS_FOLDER_PATH}/SocketIO.framework",
				"${TARGET_BUILD_DIR}/${FRAMEWORKS_FOLDER_PATH}/Starscream.framework",
				"${TARGET_BUILD_DIR}/${FRAMEWORKS_FOLDER_PATH}/SwiftyJSON.framework",
			);
			runOnlyForDeploymentPostprocessing = 0;
			shellPath = /bin/sh;
			shellScript = "\"${SRCROOT}/Pods/Target Support Files/Pods-SmackChat/Pods-SmackChat-frameworks.sh\"\n";
			showEnvVarsInLog = 0;
		};
/* End PBXShellScriptBuildPhase section */

/* Begin PBXSourcesBuildPhase section */
		8365DA15210F0D7400D6B4D0 /* Sources */ = {
			isa = PBXSourcesBuildPhase;
			buildActionMask = 2147483647;
			files = (
				8365DA39210F181500D6B4D0 /* ChannelVC.swift in Sources */,
				8365DA37210F180400D6B4D0 /* ChatVC.swift in Sources */,
				8365DA43210F3D2500D6B4D0 /* createAccountVC.swift in Sources */,
				8365DA41210F33EE00D6B4D0 /* LoginVC.swift in Sources */,
				8365DA3B210F1DCB00D6B4D0 /* GradientView.swift in Sources */,
				8365DA1D210F0D7400D6B4D0 /* AppDelegate.swift in Sources */,
				8365DA32210F122E00D6B4D0 /* SWRevealViewController.m in Sources */,
				8365DA3F210F2C0E00D6B4D0 /* Constants.swift in Sources */,
			);
			runOnlyForDeploymentPostprocessing = 0;
		};
/* End PBXSourcesBuildPhase section */

/* Begin PBXVariantGroup section */
		8365DA20210F0D7400D6B4D0 /* Main.storyboard */ = {
			isa = PBXVariantGroup;
			children = (
				8365DA21210F0D7400D6B4D0 /* Base */,
			);
			name = Main.storyboard;
			sourceTree = "<group>";
		};
		8365DA25210F0D7500D6B4D0 /* LaunchScreen.storyboard */ = {
			isa = PBXVariantGroup;
			children = (
				8365DA26210F0D7500D6B4D0 /* Base */,
			);
			name = LaunchScreen.storyboard;
			sourceTree = "<group>";
		};
/* End PBXVariantGroup section */

/* Begin XCBuildConfiguration section */
		8365DA29210F0D7500D6B4D0 /* Debug */ = {
			isa = XCBuildConfiguration;
			buildSettings = {
				ALWAYS_SEARCH_USER_PATHS = NO;
				CLANG_ANALYZER_NONNULL = YES;
				CLANG_ANALYZER_NUMBER_OBJECT_CONVERSION = YES_AGGRESSIVE;
				CLANG_CXX_LANGUAGE_STANDARD = "gnu++14";
				CLANG_CXX_LIBRARY = "libc++";
				CLANG_ENABLE_MODULES = YES;
				CLANG_ENABLE_OBJC_ARC = YES;
				CLANG_ENABLE_OBJC_WEAK = YES;
				CLANG_WARN_BLOCK_CAPTURE_AUTORELEASING = YES;
				CLANG_WARN_BOOL_CONVERSION = YES;
				CLANG_WARN_COMMA = YES;
				CLANG_WARN_CONSTANT_CONVERSION = YES;
				CLANG_WARN_DEPRECATED_OBJC_IMPLEMENTATIONS = YES;
				CLANG_WARN_DIRECT_OBJC_ISA_USAGE = YES_ERROR;
				CLANG_WARN_DOCUMENTATION_COMMENTS = YES;
				CLANG_WARN_EMPTY_BODY = YES;
				CLANG_WARN_ENUM_CONVERSION = YES;
				CLANG_WARN_INFINITE_RECURSION = YES;
				CLANG_WARN_INT_CONVERSION = YES;
				CLANG_WARN_NON_LITERAL_NULL_CONVERSION = YES;
				CLANG_WARN_OBJC_IMPLICIT_RETAIN_SELF = YES;
				CLANG_WARN_OBJC_LITERAL_CONVERSION = YES;
				CLANG_WARN_OBJC_ROOT_CLASS = YES_ERROR;
				CLANG_WARN_RANGE_LOOP_ANALYSIS = YES;
				CLANG_WARN_STRICT_PROTOTYPES = YES;
				CLANG_WARN_SUSPICIOUS_MOVE = YES;
				CLANG_WARN_UNGUARDED_AVAILABILITY = YES_AGGRESSIVE;
				CLANG_WARN_UNREACHABLE_CODE = YES;
				CLANG_WARN__DUPLICATE_METHOD_MATCH = YES;
				CODE_SIGN_IDENTITY = "iPhone Developer";
				COPY_PHASE_STRIP = NO;
				DEBUG_INFORMATION_FORMAT = dwarf;
				ENABLE_STRICT_OBJC_MSGSEND = YES;
				ENABLE_TESTABILITY = YES;
				GCC_C_LANGUAGE_STANDARD = gnu11;
				GCC_DYNAMIC_NO_PIC = NO;
				GCC_NO_COMMON_BLOCKS = YES;
				GCC_OPTIMIZATION_LEVEL = 0;
				GCC_PREPROCESSOR_DEFINITIONS = (
					"DEBUG=1",
					"$(inherited)",
				);
				GCC_WARN_64_TO_32_BIT_CONVERSION = YES;
				GCC_WARN_ABOUT_RETURN_TYPE = YES_ERROR;
				GCC_WARN_UNDECLARED_SELECTOR = YES;
				GCC_WARN_UNINITIALIZED_AUTOS = YES_AGGRESSIVE;
				GCC_WARN_UNUSED_FUNCTION = YES;
				GCC_WARN_UNUSED_VARIABLE = YES;
				IPHONEOS_DEPLOYMENT_TARGET = 11.4;
				MTL_ENABLE_DEBUG_INFO = YES;
				ONLY_ACTIVE_ARCH = YES;
				SDKROOT = iphoneos;
				SWIFT_ACTIVE_COMPILATION_CONDITIONS = DEBUG;
				SWIFT_OPTIMIZATION_LEVEL = "-Onone";
			};
			name = Debug;
		};
		8365DA2A210F0D7500D6B4D0 /* Release */ = {
			isa = XCBuildConfiguration;
			buildSettings = {
				ALWAYS_SEARCH_USER_PATHS = NO;
				CLANG_ANALYZER_NONNULL = YES;
				CLANG_ANALYZER_NUMBER_OBJECT_CONVERSION = YES_AGGRESSIVE;
				CLANG_CXX_LANGUAGE_STANDARD = "gnu++14";
				CLANG_CXX_LIBRARY = "libc++";
				CLANG_ENABLE_MODULES = YES;
				CLANG_ENABLE_OBJC_ARC = YES;
				CLANG_ENABLE_OBJC_WEAK = YES;
				CLANG_WARN_BLOCK_CAPTURE_AUTORELEASING = YES;
				CLANG_WARN_BOOL_CONVERSION = YES;
				CLANG_WARN_COMMA = YES;
				CLANG_WARN_CONSTANT_CONVERSION = YES;
				CLANG_WARN_DEPRECATED_OBJC_IMPLEMENTATIONS = YES;
				CLANG_WARN_DIRECT_OBJC_ISA_USAGE = YES_ERROR;
				CLANG_WARN_DOCUMENTATION_COMMENTS = YES;
				CLANG_WARN_EMPTY_BODY = YES;
				CLANG_WARN_ENUM_CONVERSION = YES;
				CLANG_WARN_INFINITE_RECURSION = YES;
				CLANG_WARN_INT_CONVERSION = YES;
				CLANG_WARN_NON_LITERAL_NULL_CONVERSION = YES;
				CLANG_WARN_OBJC_IMPLICIT_RETAIN_SELF = YES;
				CLANG_WARN_OBJC_LITERAL_CONVERSION = YES;
				CLANG_WARN_OBJC_ROOT_CLASS = YES_ERROR;
				CLANG_WARN_RANGE_LOOP_ANALYSIS = YES;
				CLANG_WARN_STRICT_PROTOTYPES = YES;
				CLANG_WARN_SUSPICIOUS_MOVE = YES;
				CLANG_WARN_UNGUARDED_AVAILABILITY = YES_AGGRESSIVE;
				CLANG_WARN_UNREACHABLE_CODE = YES;
				CLANG_WARN__DUPLICATE_METHOD_MATCH = YES;
				CODE_SIGN_IDENTITY = "iPhone Developer";
				COPY_PHASE_STRIP = NO;
				DEBUG_INFORMATION_FORMAT = "dwarf-with-dsym";
				ENABLE_NS_ASSERTIONS = NO;
				ENABLE_STRICT_OBJC_MSGSEND = YES;
				GCC_C_LANGUAGE_STANDARD = gnu11;
				GCC_NO_COMMON_BLOCKS = YES;
				GCC_WARN_64_TO_32_BIT_CONVERSION = YES;
				GCC_WARN_ABOUT_RETURN_TYPE = YES_ERROR;
				GCC_WARN_UNDECLARED_SELECTOR = YES;
				GCC_WARN_UNINITIALIZED_AUTOS = YES_AGGRESSIVE;
				GCC_WARN_UNUSED_FUNCTION = YES;
				GCC_WARN_UNUSED_VARIABLE = YES;
				IPHONEOS_DEPLOYMENT_TARGET = 11.4;
				MTL_ENABLE_DEBUG_INFO = NO;
				SDKROOT = iphoneos;
				SWIFT_COMPILATION_MODE = wholemodule;
				SWIFT_OPTIMIZATION_LEVEL = "-O";
				VALIDATE_PRODUCT = YES;
			};
			name = Release;
		};
		8365DA2C210F0D7500D6B4D0 /* Debug */ = {
			isa = XCBuildConfiguration;
			baseConfigurationReference = 6BB5132303F13317FEEFA524 /* Pods-SmackChat.debug.xcconfig */;
			buildSettings = {
				ASSETCATALOG_COMPILER_APPICON_NAME = AppIcon;
				CLANG_ENABLE_MODULES = YES;
				CODE_SIGN_STYLE = Automatic;
				INFOPLIST_FILE = SmackChat/Info.plist;
				LD_RUNPATH_SEARCH_PATHS = (
					"$(inherited)",
					"@executable_path/Frameworks",
				);
				PRODUCT_BUNDLE_IDENTIFIER = tolga.SmackChat;
				PRODUCT_NAME = "$(TARGET_NAME)";
				SWIFT_OBJC_BRIDGING_HEADER = "Supporting Files/SmackChat-Bridging-Header.h";
				SWIFT_OPTIMIZATION_LEVEL = "-Onone";
				SWIFT_VERSION = 4.0;
				TARGETED_DEVICE_FAMILY = "1,2";
			};
			name = Debug;
		};
		8365DA2D210F0D7500D6B4D0 /* Release */ = {
			isa = XCBuildConfiguration;
			baseConfigurationReference = D65A0C0A2065EA225A63ADB2 /* Pods-SmackChat.release.xcconfig */;
			buildSettings = {
				ASSETCATALOG_COMPILER_APPICON_NAME = AppIcon;
				CLANG_ENABLE_MODULES = YES;
				CODE_SIGN_STYLE = Automatic;
				INFOPLIST_FILE = SmackChat/Info.plist;
				LD_RUNPATH_SEARCH_PATHS = (
					"$(inherited)",
					"@executable_path/Frameworks",
				);
				PRODUCT_BUNDLE_IDENTIFIER = tolga.SmackChat;
				PRODUCT_NAME = "$(TARGET_NAME)";
				SWIFT_OBJC_BRIDGING_HEADER = "Supporting Files/SmackChat-Bridging-Header.h";
				SWIFT_VERSION = 4.0;
				TARGETED_DEVICE_FAMILY = "1,2";
			};
			name = Release;
		};
/* End XCBuildConfiguration section */

/* Begin XCConfigurationList section */
		8365DA14210F0D7400D6B4D0 /* Build configuration list for PBXProject "SmackChat" */ = {
			isa = XCConfigurationList;
			buildConfigurations = (
				8365DA29210F0D7500D6B4D0 /* Debug */,
				8365DA2A210F0D7500D6B4D0 /* Release */,
			);
			defaultConfigurationIsVisible = 0;
			defaultConfigurationName = Release;
		};
		8365DA2B210F0D7500D6B4D0 /* Build configuration list for PBXNativeTarget "SmackChat" */ = {
			isa = XCConfigurationList;
			buildConfigurations = (
				8365DA2C210F0D7500D6B4D0 /* Debug */,
				8365DA2D210F0D7500D6B4D0 /* Release */,
			);
			defaultConfigurationIsVisible = 0;
			defaultConfigurationName = Release;
		};
/* End XCConfigurationList section */
	};
	rootObject = 8365DA11210F0D7400D6B4D0 /* Project object */;
}
